
Microsoft Visual Studio Solution File, Format Version 12.00
# Visual Studio Version 17
VisualStudioVersion = 17.10.34928.147
MinimumVisualStudioVersion = 10.0.40219.1
Project("{FAE04EC0-301F-11D3-BF4B-00C04F79EFBC}") = "C_SHARP_AULA3", "C_SHARP_AULA3\C_SHARP_AULA3.csproj", "{2B5A8B99-4C91-4394-850B-83962D5816CB}"
EndProject
Global
	GlobalSection(SolutionConfigurationPlatforms) = preSolution
		Debug|Any CPU = Debug|Any CPU
		Release|Any CPU = Release|Any CPU
	EndGlobalSection
	GlobalSection(ProjectConfigurationPlatforms) = postSolution
		{2B5A8B99-4C91-4394-850B-83962D5816CB}.Debug|Any CPU.ActiveCfg = Debug|Any CPU
		{2B5A8B99-4C91-4394-850B-83962D5816CB}.Debug|Any CPU.Build.0 = Debug|Any CPU
		{2B5A8B99-4C91-4394-850B-83962D5816CB}.Release|Any CPU.ActiveCfg = Release|Any CPU
		{2B5A8B99-4C91-4394-850B-83962D5816CB}.Release|Any CPU.Build.0 = Release|Any CPU
	EndGlobalSection
	GlobalSection(SolutionProperties) = preSolution
		HideSolutionNode = FALSE
	EndGlobalSection
	GlobalSection(ExtensibilityGlobals) = postSolution
		SolutionGuid = {2EE811C9-6884-4262-9B28-AC03A7B2ADAD}
	EndGlobalSection
EndGlobal
